// !$*UTF8*$!
{
	archiveVersion = 1;
	classes = {
	};
	objectVersion = 46;
	objects = {
/* Begin PBXBuildFile section */
		0207DA581B56EA530066E2B4 /* Images.xcassets in Resources */ = {isa = PBXBuildFile; fileRef = 0207DA571B56EA530066E2B4 /* Images.xcassets */; };
		1D3623260D0F684500981E51 /* AppDelegate.m in Sources */ = {isa = PBXBuildFile; fileRef = 1D3623250D0F684500981E51 /* AppDelegate.m */; };
		1D60589B0D05DD56006BFB54 /* main.m in Sources */ = {isa = PBXBuildFile; fileRef = 29B97316FDCFA39411CA2CEA /* main.m */; };
		301BF552109A68D80062928A /* libCordova.a in Frameworks */ = {isa = PBXBuildFile; fileRef = 301BF535109A57CC0062928A /* libCordova.a */; };
		302D95F114D2391D003F00A1 /* MainViewController.m in Sources */ = {isa = PBXBuildFile; fileRef = 302D95EF14D2391D003F00A1 /* MainViewController.m */; };
		302D95F214D2391D003F00A1 /* MainViewController.xib in Resources */ = {isa = PBXBuildFile; fileRef = 302D95F014D2391D003F00A1 /* MainViewController.xib */; };
		3047A5121AB8059700498E2A /* build-debug.xcconfig in Resources */ = {isa = PBXBuildFile; fileRef = 3047A50F1AB8059700498E2A /* build-debug.xcconfig */; };
		3047A5131AB8059700498E2A /* build-release.xcconfig in Resources */ = {isa = PBXBuildFile; fileRef = 3047A5101AB8059700498E2A /* build-release.xcconfig */; };
		3047A5141AB8059700498E2A /* build.xcconfig in Resources */ = {isa = PBXBuildFile; fileRef = 3047A5111AB8059700498E2A /* build.xcconfig */; };
		6AFF5BF91D6E424B00AB3073 /* CDVLaunchScreen.storyboard in Resources */ = {isa = PBXBuildFile; fileRef = 6AFF5BF81D6E424B00AB3073 /* CDVLaunchScreen.storyboard */; };
		C33F494542354064ABBCAE0E /* AppDelegate+notification.m in Sources */ = {isa = PBXBuildFile; fileRef = AF044F2570154FD7BA728FF4 /* AppDelegate+notification.m */; };
		E4C6DC63B8AE49F7AA62862A /* PushPlugin.m in Sources */ = {isa = PBXBuildFile; fileRef = B134B11817EE4E03994CB4C6 /* PushPlugin.m */; };
		9259E288A94D468AAF81C60C /* libGGLCloudMessaging.a in Frameworks */ = {isa = PBXBuildFile; fileRef = A65BA58B2CD14DD8BC67B479 /* libGGLCloudMessaging.a */; };
		FB67B509BA294EC78959EEDC /* libGGLCore.a in Frameworks */ = {isa = PBXBuildFile; fileRef = 700F1BD1A7C24923B8D394C2 /* libGGLCore.a */; };
		7C0480C9150C468E821D0329 /* libGGLInstanceIDLib.a in Frameworks */ = {isa = PBXBuildFile; fileRef = 16686DC3EF3B468681263B09 /* libGGLInstanceIDLib.a */; };
		3692690634D4476FBDED8BD9 /* libGIP_Reachability.a in Frameworks */ = {isa = PBXBuildFile; fileRef = 11D4175F4DB341D0877D95BE /* libGIP_Reachability.a */; };
		6B72E69598E049C89B65A20E /* libGSDK_Overload.a in Frameworks */ = {isa = PBXBuildFile; fileRef = BC0741C2A9BA438491A9A7E2 /* libGSDK_Overload.a */; };
		33479504E6334D5985E81D5C /* libGTMSessionFetcher_core.a in Frameworks */ = {isa = PBXBuildFile; fileRef = EFA9E86B21D84A2FAAE71CA4 /* libGTMSessionFetcher_core.a */; };
		37208EDBBCE141879F8C9FE0 /* libGTMSessionFetcher_full.a in Frameworks */ = {isa = PBXBuildFile; fileRef = 23B785E7F1784C89A1589740 /* libGTMSessionFetcher_full.a */; };
		823356FD314A4A37999BDFFF /* libGTMStackTrace.a in Frameworks */ = {isa = PBXBuildFile; fileRef = CB84A502654A4F25BEC0F5C4 /* libGTMStackTrace.a */; };
		91E7342AB7B94FECB32DA08D /* libGTM_AddressBook.a in Frameworks */ = {isa = PBXBuildFile; fileRef = BDCF80C1A7A74782845F5FE7 /* libGTM_AddressBook.a */; };
		3882F3BF54F9440F95DBCA06 /* libGTM_DebugUtils.a in Frameworks */ = {isa = PBXBuildFile; fileRef = 792D22EDB930457DB814FB47 /* libGTM_DebugUtils.a */; };
		B6584C3B89154514971D8369 /* libGTM_GTMURLBuilder.a in Frameworks */ = {isa = PBXBuildFile; fileRef = 2FDBAB7985E94D528749DC88 /* libGTM_GTMURLBuilder.a */; };
		616A80F460B84E16B4753E38 /* libGTM_KVO.a in Frameworks */ = {isa = PBXBuildFile; fileRef = CC3E2C2F947849B59882F570 /* libGTM_KVO.a */; };
		AA712BE56AE34FB5845523C6 /* libGTM_NSData+zlib.a in Frameworks */ = {isa = PBXBuildFile; fileRef = A3D7E921538F4805B091B002 /* libGTM_NSData+zlib.a */; };
		0F1A4908C9E44D57A877A063 /* libGTM_NSDictionary+URLArguments.a in Frameworks */ = {isa = PBXBuildFile; fileRef = 0EFF89C7235D42EB8898E136 /* libGTM_NSDictionary+URLArguments.a */; };
		FE965716A1F943BF8E9B8EFA /* libGTM_NSScannerJSON.a in Frameworks */ = {isa = PBXBuildFile; fileRef = 349693B89FEA479C9E3ADE1A /* libGTM_NSScannerJSON.a */; };
		A20180425AAE41C390A93F4F /* libGTM_NSStringHTML.a in Frameworks */ = {isa = PBXBuildFile; fileRef = BF6287F7FBB24878B3492619 /* libGTM_NSStringHTML.a */; };
		A281AED4B5D745B2B904EFF5 /* libGTM_NSStringXML.a in Frameworks */ = {isa = PBXBuildFile; fileRef = 923B4F4A03344994B254B53B /* libGTM_NSStringXML.a */; };
		9F5FFA221A4F453DB7235126 /* libGTM_Regex.a in Frameworks */ = {isa = PBXBuildFile; fileRef = 17AD19145A2C4974A4B85775 /* libGTM_Regex.a */; };
		8295237DB9CA43678BDC7F33 /* libGTM_RoundedRectPath.a in Frameworks */ = {isa = PBXBuildFile; fileRef = C593CDFCEC58488D9D0A4826 /* libGTM_RoundedRectPath.a */; };
		E40DA7094D6646C5A423BCC5 /* libGTM_StringEncoding.a in Frameworks */ = {isa = PBXBuildFile; fileRef = 1924BD585EBC4A9191F8D52B /* libGTM_StringEncoding.a */; };
		7317EBB0F8194588ACD7A3EA /* libGTM_SystemVersion.a in Frameworks */ = {isa = PBXBuildFile; fileRef = B5A35CA3E3DC4D018A34FCE8 /* libGTM_SystemVersion.a */; };
		753ECC3B449047538682BE98 /* libGTM_UIFont+LineHeight.a in Frameworks */ = {isa = PBXBuildFile; fileRef = 871D95E5BCF2402087C8830B /* libGTM_UIFont+LineHeight.a */; };
		FC011653F27F420FA2BC7722 /* libGTM_core.a in Frameworks */ = {isa = PBXBuildFile; fileRef = DCD3D7AF00734D9684131775 /* libGTM_core.a */; };
		727A20BEEA2747529E32FFAC /* libGTM_iPhone.a in Frameworks */ = {isa = PBXBuildFile; fileRef = AA092C2876DD4E1AB213609D /* libGTM_iPhone.a */; };
		1DDF72B53E29435D8FDB4FD7 /* libGcmLib.a in Frameworks */ = {isa = PBXBuildFile; fileRef = 91F07A14808644E29839AAB8 /* libGcmLib.a */; };
		A0B1B7B47D1D45D3A3E5DBD4 /* libProtocolBuffers.a in Frameworks */ = {isa = PBXBuildFile; fileRef = A8D84654B12E46EE89B6680A /* libProtocolBuffers.a */; };
		758ED60A280D4CB0962766D1 /* AddressBook.framework in Frameworks */ = {isa = PBXBuildFile; fileRef = CE5E37EC602E4AB48F310BE4 /* AddressBook.framework */; };
		255D1703F5A941699032B331 /* libsqlite3.tbd in Frameworks */ = {isa = PBXBuildFile; fileRef = 8EC1AF88C8E34901B0A29BE2 /* libsqlite3.tbd */; };
		22A7559D031B4CCE84D0A712 /* libz.tbd in Frameworks */ = {isa = PBXBuildFile; fileRef = 87CD5ABD82F048D09E7486E7 /* libz.tbd */; };
		06239D96DF2E414AA63D9E62 /* CDVDevice.m in Sources */ = {isa = PBXBuildFile; fileRef = 87BEA25316244110BC5D949E /* CDVDevice.m */; };
		AC1B9A3F0B5849F68BF9083E /* CDVNotification.m in Sources */ = {isa = PBXBuildFile; fileRef = 2FF5399D75F049CE9D0C2430 /* CDVNotification.m */; };
		38D8933125D247F6BCBC78F6 /* CDVNotification.bundle in Resources */ = {isa = PBXBuildFile; fileRef = 00DD35BA6D7742CA93774493 /* CDVNotification.bundle */; };
		219B8BFB762041849C6DECAB /* AudioToolbox.framework in Frameworks */ = {isa = PBXBuildFile; fileRef = ECCD0937CB2E40E8817C6604 /* AudioToolbox.framework */; settings = {ATTRIBUTES = (Weak, ); }; };
		7910A564BCAF416393A6BEC8 /* CDVInAppBrowser.m in Sources */ = {isa = PBXBuildFile; fileRef = 242DFBC36BED40DCA569E7DE /* CDVInAppBrowser.m */; };
		561F32C9B21D45478004A344 /* CDVConnection.m in Sources */ = {isa = PBXBuildFile; fileRef = E6463A3FC90C48FCA9693FCC /* CDVConnection.m */; };
		B4D02175F6704BE2BBB0C8AA /* CDVReachability.m in Sources */ = {isa = PBXBuildFile; fileRef = 2CDB0CF5D42042F9B147E757 /* CDVReachability.m */; };
		213356EC12F4462F8A62CB57 /* SystemConfiguration.framework in Frameworks */ = {isa = PBXBuildFile; fileRef = F10B4F2FAA9D4520B2932F01 /* SystemConfiguration.framework */; settings = {ATTRIBUTES = (Weak, ); }; };
		6064778777D4442589820AAE /* CoreTelephony.framework in Frameworks */ = {isa = PBXBuildFile; fileRef = 7EB9F8E832084CCEBAB03099 /* CoreTelephony.framework */; };
		05ADBBD4023347A980B97CC1 /* CDVStatusBar.m in Sources */ = {isa = PBXBuildFile; fileRef = 60B1CBD1FC424350BBA94AE1 /* CDVStatusBar.m */; };
/* End PBXBuildFile section */

/* Begin PBXContainerItemProxy section */
		301BF534109A57CC0062928A /* PBXContainerItemProxy */ = {
			isa = PBXContainerItemProxy;
			containerPortal = 301BF52D109A57CC0062928A /* CordovaLib.xcodeproj */;
			proxyType = 2;
			remoteGlobalIDString = D2AAC07E0554694100DB518D;
			remoteInfo = CordovaLib;
		};
		301BF550109A68C00062928A /* PBXContainerItemProxy */ = {
			isa = PBXContainerItemProxy;
			containerPortal = 301BF52D109A57CC0062928A /* CordovaLib.xcodeproj */;
			proxyType = 1;
			remoteGlobalIDString = D2AAC07D0554694100DB518D;
			remoteInfo = CordovaLib;
		};
/* End PBXContainerItemProxy section */

/* Begin PBXFileReference section */
		0207DA571B56EA530066E2B4 /* Images.xcassets */ = {isa = PBXFileReference; lastKnownFileType = folder.assetcatalog; name = Images.xcassets; path = "Rambaldini Living Design/Images.xcassets"; sourceTree = SOURCE_ROOT; };
		1D3623240D0F684500981E51 /* AppDelegate.h */ = {isa = PBXFileReference; fileEncoding = 4; lastKnownFileType = sourcecode.c.h; path = AppDelegate.h; sourceTree = "<group>"; };
		1D3623250D0F684500981E51 /* AppDelegate.m */ = {isa = PBXFileReference; fileEncoding = 4; lastKnownFileType = sourcecode.c.objc; path = AppDelegate.m; sourceTree = "<group>"; };
		1D6058910D05DD3D006BFB54 /* Rambaldini Living Design.app */ = {isa = PBXFileReference; explicitFileType = wrapper.application; includeInIndex = 0; path = "Rambaldini Living Design.app"; sourceTree = BUILT_PRODUCTS_DIR; };
		29B97316FDCFA39411CA2CEA /* main.m */ = {isa = PBXFileReference; fileEncoding = 4; lastKnownFileType = sourcecode.c.objc; path = main.m; sourceTree = "<group>"; };
		301BF52D109A57CC0062928A /* CordovaLib.xcodeproj */ = {isa = PBXFileReference; lastKnownFileType = "wrapper.pb-project"; name = CordovaLib.xcodeproj; path = CordovaLib/CordovaLib.xcodeproj; sourceTree = "<group>"; };
		301BF56E109A69640062928A /* www */ = {isa = PBXFileReference; lastKnownFileType = folder; path = www; sourceTree = SOURCE_ROOT; };
		302D95EE14D2391D003F00A1 /* MainViewController.h */ = {isa = PBXFileReference; fileEncoding = 4; lastKnownFileType = sourcecode.c.h; path = MainViewController.h; sourceTree = "<group>"; };
		302D95EF14D2391D003F00A1 /* MainViewController.m */ = {isa = PBXFileReference; fileEncoding = 4; lastKnownFileType = sourcecode.c.objc; path = MainViewController.m; sourceTree = "<group>"; };
		302D95F014D2391D003F00A1 /* MainViewController.xib */ = {isa = PBXFileReference; fileEncoding = 4; lastKnownFileType = file.xib; path = MainViewController.xib; sourceTree = "<group>"; };
		3047A50F1AB8059700498E2A /* build-debug.xcconfig */ = {isa = PBXFileReference; fileEncoding = 4; lastKnownFileType = text.xcconfig; name = "build-debug.xcconfig"; path = cordova/build-debug.xcconfig; sourceTree = SOURCE_ROOT; };
		3047A5101AB8059700498E2A /* build-release.xcconfig */ = {isa = PBXFileReference; fileEncoding = 4; lastKnownFileType = text.xcconfig; name = "build-release.xcconfig"; path = cordova/build-release.xcconfig; sourceTree = SOURCE_ROOT; };
		3047A5111AB8059700498E2A /* build.xcconfig */ = {isa = PBXFileReference; fileEncoding = 4; lastKnownFileType = text.xcconfig; name = build.xcconfig; path = cordova/build.xcconfig; sourceTree = SOURCE_ROOT; };
		32CA4F630368D1EE00C91783 /* Rambaldini Living Design-Prefix.pch */ = {isa = PBXFileReference; fileEncoding = 4; lastKnownFileType = sourcecode.c.h; path = "Rambaldini Living Design-Prefix.pch"; sourceTree = "<group>"; };
		6AFF5BF81D6E424B00AB3073 /* CDVLaunchScreen.storyboard */ = {isa = PBXFileReference; fileEncoding = 4; lastKnownFileType = file.storyboard; name = CDVLaunchScreen.storyboard; path = "Rambaldini Living Design/CDVLaunchScreen.storyboard"; sourceTree = SOURCE_ROOT; };
		8D1107310486CEB800E47090 /* Rambaldini Living Design-Info.plist */ = {isa = PBXFileReference; fileEncoding = 4; lastKnownFileType = text.plist.xml; name = "Rambaldini Living Design-Info.plist"; path = "Rambaldini Living Design/Rambaldini Living Design-Info.plist"; plistStructureDefinitionIdentifier = "com.apple.xcode.plist.structure-definition.iphone.info-plist"; sourceTree = SOURCE_ROOT; };
		EB87FDF31871DA8E0020F90C /* www */ = {isa = PBXFileReference; lastKnownFileType = folder; name = www; path = ../../www; sourceTree = "<group>"; };
		EB87FDF41871DAF40020F90C /* config.xml */ = {isa = PBXFileReference; lastKnownFileType = text.xml; name = config.xml; path = ../../config.xml; sourceTree = "<group>"; };
		F840E1F0165FE0F500CFE078 /* config.xml */ = {isa = PBXFileReference; lastKnownFileType = text.xml; name = config.xml; path = "Rambaldini Living Design/config.xml"; sourceTree = "<group>"; };
		ED33DF2A687741AEAF9F8254 /* Bridging-Header.h */ = {isa = PBXFileReference; fileEncoding = 4; lastKnownFileType = sourcecode.c.h; name = "Bridging-Header.h"; path = "Bridging-Header.h"; sourceTree = "<group>"; };
		AF044F2570154FD7BA728FF4 /* AppDelegate+notification.m */ = {isa = PBXFileReference; name = "AppDelegate+notification.m"; path = "phonegap-plugin-push/AppDelegate+notification.m"; sourceTree = "<group>"; fileEncoding = 4; lastKnownFileType = sourcecode.c.objc; explicitFileType = undefined; includeInIndex = 0; };
		B134B11817EE4E03994CB4C6 /* PushPlugin.m */ = {isa = PBXFileReference; name = "PushPlugin.m"; path = "phonegap-plugin-push/PushPlugin.m"; sourceTree = "<group>"; fileEncoding = 4; lastKnownFileType = sourcecode.c.objc; explicitFileType = undefined; includeInIndex = 0; };
		A65BA58B2CD14DD8BC67B479 /* libGGLCloudMessaging.a */ = {isa = PBXFileReference; name = "libGGLCloudMessaging.a"; path = "Rambaldini Living Design/Plugins/phonegap-plugin-push/GCM/Libraries/libGGLCloudMessaging.a"; sourceTree = "<group>"; fileEncoding = undefined; lastKnownFileType = archive.ar; explicitFileType = undefined; includeInIndex = 0; };
		700F1BD1A7C24923B8D394C2 /* libGGLCore.a */ = {isa = PBXFileReference; name = "libGGLCore.a"; path = "Rambaldini Living Design/Plugins/phonegap-plugin-push/GCM/Libraries/libGGLCore.a"; sourceTree = "<group>"; fileEncoding = undefined; lastKnownFileType = archive.ar; explicitFileType = undefined; includeInIndex = 0; };
		16686DC3EF3B468681263B09 /* libGGLInstanceIDLib.a */ = {isa = PBXFileReference; name = "libGGLInstanceIDLib.a"; path = "Rambaldini Living Design/Plugins/phonegap-plugin-push/GCM/Libraries/libGGLInstanceIDLib.a"; sourceTree = "<group>"; fileEncoding = undefined; lastKnownFileType = archive.ar; explicitFileType = undefined; includeInIndex = 0; };
		11D4175F4DB341D0877D95BE /* libGIP_Reachability.a */ = {isa = PBXFileReference; name = "libGIP_Reachability.a"; path = "Rambaldini Living Design/Plugins/phonegap-plugin-push/GCM/Libraries/libGIP_Reachability.a"; sourceTree = "<group>"; fileEncoding = undefined; lastKnownFileType = archive.ar; explicitFileType = undefined; includeInIndex = 0; };
		BC0741C2A9BA438491A9A7E2 /* libGSDK_Overload.a */ = {isa = PBXFileReference; name = "libGSDK_Overload.a"; path = "Rambaldini Living Design/Plugins/phonegap-plugin-push/GCM/Libraries/libGSDK_Overload.a"; sourceTree = "<group>"; fileEncoding = undefined; lastKnownFileType = archive.ar; explicitFileType = undefined; includeInIndex = 0; };
		EFA9E86B21D84A2FAAE71CA4 /* libGTMSessionFetcher_core.a */ = {isa = PBXFileReference; name = "libGTMSessionFetcher_core.a"; path = "Rambaldini Living Design/Plugins/phonegap-plugin-push/GCM/Libraries/libGTMSessionFetcher_core.a"; sourceTree = "<group>"; fileEncoding = undefined; lastKnownFileType = archive.ar; explicitFileType = undefined; includeInIndex = 0; };
		23B785E7F1784C89A1589740 /* libGTMSessionFetcher_full.a */ = {isa = PBXFileReference; name = "libGTMSessionFetcher_full.a"; path = "Rambaldini Living Design/Plugins/phonegap-plugin-push/GCM/Libraries/libGTMSessionFetcher_full.a"; sourceTree = "<group>"; fileEncoding = undefined; lastKnownFileType = archive.ar; explicitFileType = undefined; includeInIndex = 0; };
		CB84A502654A4F25BEC0F5C4 /* libGTMStackTrace.a */ = {isa = PBXFileReference; name = "libGTMStackTrace.a"; path = "Rambaldini Living Design/Plugins/phonegap-plugin-push/GCM/Libraries/libGTMStackTrace.a"; sourceTree = "<group>"; fileEncoding = undefined; lastKnownFileType = archive.ar; explicitFileType = undefined; includeInIndex = 0; };
		BDCF80C1A7A74782845F5FE7 /* libGTM_AddressBook.a */ = {isa = PBXFileReference; name = "libGTM_AddressBook.a"; path = "Rambaldini Living Design/Plugins/phonegap-plugin-push/GCM/Libraries/libGTM_AddressBook.a"; sourceTree = "<group>"; fileEncoding = undefined; lastKnownFileType = archive.ar; explicitFileType = undefined; includeInIndex = 0; };
		792D22EDB930457DB814FB47 /* libGTM_DebugUtils.a */ = {isa = PBXFileReference; name = "libGTM_DebugUtils.a"; path = "Rambaldini Living Design/Plugins/phonegap-plugin-push/GCM/Libraries/libGTM_DebugUtils.a"; sourceTree = "<group>"; fileEncoding = undefined; lastKnownFileType = archive.ar; explicitFileType = undefined; includeInIndex = 0; };
		2FDBAB7985E94D528749DC88 /* libGTM_GTMURLBuilder.a */ = {isa = PBXFileReference; name = "libGTM_GTMURLBuilder.a"; path = "Rambaldini Living Design/Plugins/phonegap-plugin-push/GCM/Libraries/libGTM_GTMURLBuilder.a"; sourceTree = "<group>"; fileEncoding = undefined; lastKnownFileType = archive.ar; explicitFileType = undefined; includeInIndex = 0; };
		CC3E2C2F947849B59882F570 /* libGTM_KVO.a */ = {isa = PBXFileReference; name = "libGTM_KVO.a"; path = "Rambaldini Living Design/Plugins/phonegap-plugin-push/GCM/Libraries/libGTM_KVO.a"; sourceTree = "<group>"; fileEncoding = undefined; lastKnownFileType = archive.ar; explicitFileType = undefined; includeInIndex = 0; };
		A3D7E921538F4805B091B002 /* libGTM_NSData+zlib.a */ = {isa = PBXFileReference; name = "libGTM_NSData+zlib.a"; path = "Rambaldini Living Design/Plugins/phonegap-plugin-push/GCM/Libraries/libGTM_NSData+zlib.a"; sourceTree = "<group>"; fileEncoding = undefined; lastKnownFileType = archive.ar; explicitFileType = undefined; includeInIndex = 0; };
		0EFF89C7235D42EB8898E136 /* libGTM_NSDictionary+URLArguments.a */ = {isa = PBXFileReference; name = "libGTM_NSDictionary+URLArguments.a"; path = "Rambaldini Living Design/Plugins/phonegap-plugin-push/GCM/Libraries/libGTM_NSDictionary+URLArguments.a"; sourceTree = "<group>"; fileEncoding = undefined; lastKnownFileType = archive.ar; explicitFileType = undefined; includeInIndex = 0; };
		349693B89FEA479C9E3ADE1A /* libGTM_NSScannerJSON.a */ = {isa = PBXFileReference; name = "libGTM_NSScannerJSON.a"; path = "Rambaldini Living Design/Plugins/phonegap-plugin-push/GCM/Libraries/libGTM_NSScannerJSON.a"; sourceTree = "<group>"; fileEncoding = undefined; lastKnownFileType = archive.ar; explicitFileType = undefined; includeInIndex = 0; };
		BF6287F7FBB24878B3492619 /* libGTM_NSStringHTML.a */ = {isa = PBXFileReference; name = "libGTM_NSStringHTML.a"; path = "Rambaldini Living Design/Plugins/phonegap-plugin-push/GCM/Libraries/libGTM_NSStringHTML.a"; sourceTree = "<group>"; fileEncoding = undefined; lastKnownFileType = archive.ar; explicitFileType = undefined; includeInIndex = 0; };
		923B4F4A03344994B254B53B /* libGTM_NSStringXML.a */ = {isa = PBXFileReference; name = "libGTM_NSStringXML.a"; path = "Rambaldini Living Design/Plugins/phonegap-plugin-push/GCM/Libraries/libGTM_NSStringXML.a"; sourceTree = "<group>"; fileEncoding = undefined; lastKnownFileType = archive.ar; explicitFileType = undefined; includeInIndex = 0; };
		17AD19145A2C4974A4B85775 /* libGTM_Regex.a */ = {isa = PBXFileReference; name = "libGTM_Regex.a"; path = "Rambaldini Living Design/Plugins/phonegap-plugin-push/GCM/Libraries/libGTM_Regex.a"; sourceTree = "<group>"; fileEncoding = undefined; lastKnownFileType = archive.ar; explicitFileType = undefined; includeInIndex = 0; };
		C593CDFCEC58488D9D0A4826 /* libGTM_RoundedRectPath.a */ = {isa = PBXFileReference; name = "libGTM_RoundedRectPath.a"; path = "Rambaldini Living Design/Plugins/phonegap-plugin-push/GCM/Libraries/libGTM_RoundedRectPath.a"; sourceTree = "<group>"; fileEncoding = undefined; lastKnownFileType = archive.ar; explicitFileType = undefined; includeInIndex = 0; };
		1924BD585EBC4A9191F8D52B /* libGTM_StringEncoding.a */ = {isa = PBXFileReference; name = "libGTM_StringEncoding.a"; path = "Rambaldini Living Design/Plugins/phonegap-plugin-push/GCM/Libraries/libGTM_StringEncoding.a"; sourceTree = "<group>"; fileEncoding = undefined; lastKnownFileType = archive.ar; explicitFileType = undefined; includeInIndex = 0; };
		B5A35CA3E3DC4D018A34FCE8 /* libGTM_SystemVersion.a */ = {isa = PBXFileReference; name = "libGTM_SystemVersion.a"; path = "Rambaldini Living Design/Plugins/phonegap-plugin-push/GCM/Libraries/libGTM_SystemVersion.a"; sourceTree = "<group>"; fileEncoding = undefined; lastKnownFileType = archive.ar; explicitFileType = undefined; includeInIndex = 0; };
		871D95E5BCF2402087C8830B /* libGTM_UIFont+LineHeight.a */ = {isa = PBXFileReference; name = "libGTM_UIFont+LineHeight.a"; path = "Rambaldini Living Design/Plugins/phonegap-plugin-push/GCM/Libraries/libGTM_UIFont+LineHeight.a"; sourceTree = "<group>"; fileEncoding = undefined; lastKnownFileType = archive.ar; explicitFileType = undefined; includeInIndex = 0; };
		DCD3D7AF00734D9684131775 /* libGTM_core.a */ = {isa = PBXFileReference; name = "libGTM_core.a"; path = "Rambaldini Living Design/Plugins/phonegap-plugin-push/GCM/Libraries/libGTM_core.a"; sourceTree = "<group>"; fileEncoding = undefined; lastKnownFileType = archive.ar; explicitFileType = undefined; includeInIndex = 0; };
		AA092C2876DD4E1AB213609D /* libGTM_iPhone.a */ = {isa = PBXFileReference; name = "libGTM_iPhone.a"; path = "Rambaldini Living Design/Plugins/phonegap-plugin-push/GCM/Libraries/libGTM_iPhone.a"; sourceTree = "<group>"; fileEncoding = undefined; lastKnownFileType = archive.ar; explicitFileType = undefined; includeInIndex = 0; };
		91F07A14808644E29839AAB8 /* libGcmLib.a */ = {isa = PBXFileReference; name = "libGcmLib.a"; path = "Rambaldini Living Design/Plugins/phonegap-plugin-push/GCM/Libraries/libGcmLib.a"; sourceTree = "<group>"; fileEncoding = undefined; lastKnownFileType = archive.ar; explicitFileType = undefined; includeInIndex = 0; };
		A8D84654B12E46EE89B6680A /* libProtocolBuffers.a */ = {isa = PBXFileReference; name = "libProtocolBuffers.a"; path = "Rambaldini Living Design/Plugins/phonegap-plugin-push/GCM/Libraries/libProtocolBuffers.a"; sourceTree = "<group>"; fileEncoding = undefined; lastKnownFileType = archive.ar; explicitFileType = undefined; includeInIndex = 0; };
		62D5F2C308B9482E96FAF213 /* AppDelegate+notification.h */ = {isa = PBXFileReference; name = "AppDelegate+notification.h"; path = "phonegap-plugin-push/AppDelegate+notification.h"; sourceTree = "<group>"; fileEncoding = 4; lastKnownFileType = sourcecode.c.h; explicitFileType = undefined; includeInIndex = 0; };
		BB59EF913AD4424BB22E5559 /* PushPlugin.h */ = {isa = PBXFileReference; name = "PushPlugin.h"; path = "phonegap-plugin-push/PushPlugin.h"; sourceTree = "<group>"; fileEncoding = 4; lastKnownFileType = sourcecode.c.h; explicitFileType = undefined; includeInIndex = 0; };
		9CAC06336A734207AF461E9F /* GGLInstanceID.h */ = {isa = PBXFileReference; name = "GGLInstanceID.h"; path = "phonegap-plugin-push/GCM/Headers/GGLInstanceID.h"; sourceTree = "<group>"; fileEncoding = 4; lastKnownFileType = sourcecode.c.h; explicitFileType = undefined; includeInIndex = 0; };
		912259CB56734E3FB51893E7 /* GGLInstanceIDConfig.h */ = {isa = PBXFileReference; name = "GGLInstanceIDConfig.h"; path = "phonegap-plugin-push/GCM/Headers/GGLInstanceIDConfig.h"; sourceTree = "<group>"; fileEncoding = 4; lastKnownFileType = sourcecode.c.h; explicitFileType = undefined; includeInIndex = 0; };
		B4FE03846E7F4A5AB0E59630 /* GGLInstanceIDDelegate.h */ = {isa = PBXFileReference; name = "GGLInstanceIDDelegate.h"; path = "phonegap-plugin-push/GCM/Headers/GGLInstanceIDDelegate.h"; sourceTree = "<group>"; fileEncoding = 4; lastKnownFileType = sourcecode.c.h; explicitFileType = undefined; includeInIndex = 0; };
		FC6BA2D8BE0D47729A6B437A /* GGLInstanceIDHeaders.h */ = {isa = PBXFileReference; name = "GGLInstanceIDHeaders.h"; path = "phonegap-plugin-push/GCM/Headers/GGLInstanceIDHeaders.h"; sourceTree = "<group>"; fileEncoding = 4; lastKnownFileType = sourcecode.c.h; explicitFileType = undefined; includeInIndex = 0; };
		38B7D7B28F6E4E0AAAFF6B98 /* CloudMessaging.h */ = {isa = PBXFileReference; name = "CloudMessaging.h"; path = "phonegap-plugin-push/GCM/Headers/CloudMessaging.h"; sourceTree = "<group>"; fileEncoding = 4; lastKnownFileType = sourcecode.c.h; explicitFileType = undefined; includeInIndex = 0; };
		3D2836BEA6D94CEB9EB8F2A9 /* GGLContext+CloudMessaging.h */ = {isa = PBXFileReference; name = "GGLContext+CloudMessaging.h"; path = "phonegap-plugin-push/GCM/Headers/GGLContext+CloudMessaging.h"; sourceTree = "<group>"; fileEncoding = 4; lastKnownFileType = sourcecode.c.h; explicitFileType = undefined; includeInIndex = 0; };
		BCA4A0E5E51E4D66BC9A96B1 /* Core.h */ = {isa = PBXFileReference; name = "Core.h"; path = "phonegap-plugin-push/GCM/Headers/Core.h"; sourceTree = "<group>"; fileEncoding = 4; lastKnownFileType = sourcecode.c.h; explicitFileType = undefined; includeInIndex = 0; };
		3A546CA8C12846E8AC0ADA93 /* GGLConfiguration.h */ = {isa = PBXFileReference; name = "GGLConfiguration.h"; path = "phonegap-plugin-push/GCM/Headers/GGLConfiguration.h"; sourceTree = "<group>"; fileEncoding = 4; lastKnownFileType = sourcecode.c.h; explicitFileType = undefined; includeInIndex = 0; };
		55F1951D80D143D1BD7B8762 /* GGLContext.h */ = {isa = PBXFileReference; name = "GGLContext.h"; path = "phonegap-plugin-push/GCM/Headers/GGLContext.h"; sourceTree = "<group>"; fileEncoding = 4; lastKnownFileType = sourcecode.c.h; explicitFileType = undefined; includeInIndex = 0; };
		E824C95B0DEF450E8ED11B14 /* GGLErrorCode.h */ = {isa = PBXFileReference; name = "GGLErrorCode.h"; path = "phonegap-plugin-push/GCM/Headers/GGLErrorCode.h"; sourceTree = "<group>"; fileEncoding = 4; lastKnownFileType = sourcecode.c.h; explicitFileType = undefined; includeInIndex = 0; };
		8F797AB6FB7D4F9380F8E58A /* GCMConfig.h */ = {isa = PBXFileReference; name = "GCMConfig.h"; path = "phonegap-plugin-push/GCM/Headers/GCMConfig.h"; sourceTree = "<group>"; fileEncoding = 4; lastKnownFileType = sourcecode.c.h; explicitFileType = undefined; includeInIndex = 0; };
		DC412E6608C2485083714D80 /* GCMPubSub.h */ = {isa = PBXFileReference; name = "GCMPubSub.h"; path = "phonegap-plugin-push/GCM/Headers/GCMPubSub.h"; sourceTree = "<group>"; fileEncoding = 4; lastKnownFileType = sourcecode.c.h; explicitFileType = undefined; includeInIndex = 0; };
		C21CC7E47B584345865AEE31 /* GCMReceiverDelegate.h */ = {isa = PBXFileReference; name = "GCMReceiverDelegate.h"; path = "phonegap-plugin-push/GCM/Headers/GCMReceiverDelegate.h"; sourceTree = "<group>"; fileEncoding = 4; lastKnownFileType = sourcecode.c.h; explicitFileType = undefined; includeInIndex = 0; };
		A4A4CC40FB1D41CDB2FF3158 /* GCMService.h */ = {isa = PBXFileReference; name = "GCMService.h"; path = "phonegap-plugin-push/GCM/Headers/GCMService.h"; sourceTree = "<group>"; fileEncoding = 4; lastKnownFileType = sourcecode.c.h; explicitFileType = undefined; includeInIndex = 0; };
		044407946507492EACF0710C /* GoogleCloudMessaging.h */ = {isa = PBXFileReference; name = "GoogleCloudMessaging.h"; path = "phonegap-plugin-push/GCM/Headers/GoogleCloudMessaging.h"; sourceTree = "<group>"; fileEncoding = 4; lastKnownFileType = sourcecode.c.h; explicitFileType = undefined; includeInIndex = 0; };
		CE5E37EC602E4AB48F310BE4 /* AddressBook.framework */ = {isa = PBXFileReference; name = "AddressBook.framework"; path = "System/Library/Frameworks/AddressBook.framework"; sourceTree = SDKROOT; fileEncoding = undefined; lastKnownFileType = wrapper.framework; explicitFileType = undefined; includeInIndex = 0; };
		8EC1AF88C8E34901B0A29BE2 /* libsqlite3.tbd */ = {isa = PBXFileReference; name = "libsqlite3.tbd"; path = "usr/lib/libsqlite3.tbd"; sourceTree = SDKROOT; fileEncoding = undefined; lastKnownFileType = sourcecode.text-based-dylib-definition; explicitFileType = undefined; includeInIndex = 0; };
		87CD5ABD82F048D09E7486E7 /* libz.tbd */ = {isa = PBXFileReference; name = "libz.tbd"; path = "usr/lib/libz.tbd"; sourceTree = SDKROOT; fileEncoding = undefined; lastKnownFileType = sourcecode.text-based-dylib-definition; explicitFileType = undefined; includeInIndex = 0; };
		87BEA25316244110BC5D949E /* CDVDevice.m */ = {isa = PBXFileReference; name = "CDVDevice.m"; path = "cordova-plugin-device/CDVDevice.m"; sourceTree = "<group>"; fileEncoding = 4; lastKnownFileType = sourcecode.c.objc; explicitFileType = undefined; includeInIndex = 0; };
		710DE63331FE475788C935A1 /* CDVDevice.h */ = {isa = PBXFileReference; name = "CDVDevice.h"; path = "cordova-plugin-device/CDVDevice.h"; sourceTree = "<group>"; fileEncoding = 4; lastKnownFileType = sourcecode.c.h; explicitFileType = undefined; includeInIndex = 0; };
		2FF5399D75F049CE9D0C2430 /* CDVNotification.m */ = {isa = PBXFileReference; name = "CDVNotification.m"; path = "cordova-plugin-dialogs/CDVNotification.m"; sourceTree = "<group>"; fileEncoding = 4; lastKnownFileType = sourcecode.c.objc; explicitFileType = undefined; includeInIndex = 0; };
		C310337DDAC24A9AA6BB6F53 /* CDVNotification.h */ = {isa = PBXFileReference; name = "CDVNotification.h"; path = "cordova-plugin-dialogs/CDVNotification.h"; sourceTree = "<group>"; fileEncoding = 4; lastKnownFileType = sourcecode.c.h; explicitFileType = undefined; includeInIndex = 0; };
		00DD35BA6D7742CA93774493 /* CDVNotification.bundle */ = {isa = PBXFileReference; name = "CDVNotification.bundle"; path = "CDVNotification.bundle"; sourceTree = "<group>"; fileEncoding = undefined; lastKnownFileType = wrapper.plug-in; explicitFileType = undefined; includeInIndex = 0; };
		ECCD0937CB2E40E8817C6604 /* AudioToolbox.framework */ = {isa = PBXFileReference; name = "AudioToolbox.framework"; path = "System/Library/Frameworks/AudioToolbox.framework"; sourceTree = SDKROOT; fileEncoding = undefined; lastKnownFileType = wrapper.framework; explicitFileType = undefined; includeInIndex = 0; };
		242DFBC36BED40DCA569E7DE /* CDVInAppBrowser.m */ = {isa = PBXFileReference; name = "CDVInAppBrowser.m"; path = "cordova-plugin-inappbrowser/CDVInAppBrowser.m"; sourceTree = "<group>"; fileEncoding = 4; lastKnownFileType = sourcecode.c.objc; explicitFileType = undefined; includeInIndex = 0; };
		6868DCB694134B23A43CCF1F /* CDVInAppBrowser.h */ = {isa = PBXFileReference; name = "CDVInAppBrowser.h"; path = "cordova-plugin-inappbrowser/CDVInAppBrowser.h"; sourceTree = "<group>"; fileEncoding = 4; lastKnownFileType = sourcecode.c.h; explicitFileType = undefined; includeInIndex = 0; };
		E6463A3FC90C48FCA9693FCC /* CDVConnection.m */ = {isa = PBXFileReference; name = "CDVConnection.m"; path = "cordova-plugin-network-information/CDVConnection.m"; sourceTree = "<group>"; fileEncoding = 4; lastKnownFileType = sourcecode.c.objc; explicitFileType = undefined; includeInIndex = 0; };
		2CDB0CF5D42042F9B147E757 /* CDVReachability.m */ = {isa = PBXFileReference; name = "CDVReachability.m"; path = "cordova-plugin-network-information/CDVReachability.m"; sourceTree = "<group>"; fileEncoding = 4; lastKnownFileType = sourcecode.c.objc; explicitFileType = undefined; includeInIndex = 0; };
		9A8485C8062C4DEB8DAF7828 /* CDVConnection.h */ = {isa = PBXFileReference; name = "CDVConnection.h"; path = "cordova-plugin-network-information/CDVConnection.h"; sourceTree = "<group>"; fileEncoding = 4; lastKnownFileType = sourcecode.c.h; explicitFileType = undefined; includeInIndex = 0; };
		51C43FA7337A421BB2DBB85C /* CDVReachability.h */ = {isa = PBXFileReference; name = "CDVReachability.h"; path = "cordova-plugin-network-information/CDVReachability.h"; sourceTree = "<group>"; fileEncoding = 4; lastKnownFileType = sourcecode.c.h; explicitFileType = undefined; includeInIndex = 0; };
		F10B4F2FAA9D4520B2932F01 /* SystemConfiguration.framework */ = {isa = PBXFileReference; name = "SystemConfiguration.framework"; path = "System/Library/Frameworks/SystemConfiguration.framework"; sourceTree = SDKROOT; fileEncoding = undefined; lastKnownFileType = wrapper.framework; explicitFileType = undefined; includeInIndex = 0; };
		7EB9F8E832084CCEBAB03099 /* CoreTelephony.framework */ = {isa = PBXFileReference; name = "CoreTelephony.framework"; path = "System/Library/Frameworks/CoreTelephony.framework"; sourceTree = SDKROOT; fileEncoding = undefined; lastKnownFileType = wrapper.framework; explicitFileType = undefined; includeInIndex = 0; };
		60B1CBD1FC424350BBA94AE1 /* CDVStatusBar.m */ = {isa = PBXFileReference; name = "CDVStatusBar.m"; path = "cordova-plugin-statusbar/CDVStatusBar.m"; sourceTree = "<group>"; fileEncoding = 4; lastKnownFileType = sourcecode.c.objc; explicitFileType = undefined; includeInIndex = 0; };
		34EC3E0608A34B63A04D35DE /* CDVStatusBar.h */ = {isa = PBXFileReference; name = "CDVStatusBar.h"; path = "cordova-plugin-statusbar/CDVStatusBar.h"; sourceTree = "<group>"; fileEncoding = 4; lastKnownFileType = sourcecode.c.h; explicitFileType = undefined; includeInIndex = 0; };
/* End PBXFileReference section */

/* Begin PBXFrameworksBuildPhase section */
		1D60588F0D05DD3D006BFB54 /* Frameworks */ = {
			isa = PBXFrameworksBuildPhase;
			buildActionMask = 2147483647;
			files = (
				301BF552109A68D80062928A /* libCordova.a in Frameworks */,
				9259E288A94D468AAF81C60C /* libGGLCloudMessaging.a in Frameworks */,
				FB67B509BA294EC78959EEDC /* libGGLCore.a in Frameworks */,
				7C0480C9150C468E821D0329 /* libGGLInstanceIDLib.a in Frameworks */,
				3692690634D4476FBDED8BD9 /* libGIP_Reachability.a in Frameworks */,
				6B72E69598E049C89B65A20E /* libGSDK_Overload.a in Frameworks */,
				33479504E6334D5985E81D5C /* libGTMSessionFetcher_core.a in Frameworks */,
				37208EDBBCE141879F8C9FE0 /* libGTMSessionFetcher_full.a in Frameworks */,
				823356FD314A4A37999BDFFF /* libGTMStackTrace.a in Frameworks */,
				91E7342AB7B94FECB32DA08D /* libGTM_AddressBook.a in Frameworks */,
				3882F3BF54F9440F95DBCA06 /* libGTM_DebugUtils.a in Frameworks */,
				B6584C3B89154514971D8369 /* libGTM_GTMURLBuilder.a in Frameworks */,
				616A80F460B84E16B4753E38 /* libGTM_KVO.a in Frameworks */,
				AA712BE56AE34FB5845523C6 /* libGTM_NSData+zlib.a in Frameworks */,
				0F1A4908C9E44D57A877A063 /* libGTM_NSDictionary+URLArguments.a in Frameworks */,
				FE965716A1F943BF8E9B8EFA /* libGTM_NSScannerJSON.a in Frameworks */,
				A20180425AAE41C390A93F4F /* libGTM_NSStringHTML.a in Frameworks */,
				A281AED4B5D745B2B904EFF5 /* libGTM_NSStringXML.a in Frameworks */,
				9F5FFA221A4F453DB7235126 /* libGTM_Regex.a in Frameworks */,
				8295237DB9CA43678BDC7F33 /* libGTM_RoundedRectPath.a in Frameworks */,
				E40DA7094D6646C5A423BCC5 /* libGTM_StringEncoding.a in Frameworks */,
				7317EBB0F8194588ACD7A3EA /* libGTM_SystemVersion.a in Frameworks */,
				753ECC3B449047538682BE98 /* libGTM_UIFont+LineHeight.a in Frameworks */,
				FC011653F27F420FA2BC7722 /* libGTM_core.a in Frameworks */,
				727A20BEEA2747529E32FFAC /* libGTM_iPhone.a in Frameworks */,
				1DDF72B53E29435D8FDB4FD7 /* libGcmLib.a in Frameworks */,
				A0B1B7B47D1D45D3A3E5DBD4 /* libProtocolBuffers.a in Frameworks */,
				758ED60A280D4CB0962766D1 /* AddressBook.framework in Frameworks */,
				255D1703F5A941699032B331 /* libsqlite3.tbd in Frameworks */,
				22A7559D031B4CCE84D0A712 /* libz.tbd in Frameworks */,
				219B8BFB762041849C6DECAB /* AudioToolbox.framework in Frameworks */,
				213356EC12F4462F8A62CB57 /* SystemConfiguration.framework in Frameworks */,
				6064778777D4442589820AAE /* CoreTelephony.framework in Frameworks */,
			);
			runOnlyForDeploymentPostprocessing = 0;
		};
/* End PBXFrameworksBuildPhase section */

/* Begin PBXGroup section */
		080E96DDFE201D6D7F000001 /* Classes */ = {
			isa = PBXGroup;
			children = (
				302D95EE14D2391D003F00A1 /* MainViewController.h */,
				302D95EF14D2391D003F00A1 /* MainViewController.m */,
				302D95F014D2391D003F00A1 /* MainViewController.xib */,
				1D3623240D0F684500981E51 /* AppDelegate.h */,
				1D3623250D0F684500981E51 /* AppDelegate.m */,
			);
			name = Classes;
			path = "Rambaldini Living Design/Classes";
			sourceTree = SOURCE_ROOT;
		};
		19C28FACFE9D520D11CA2CBB /* Products */ = {
			isa = PBXGroup;
			children = (
				1D6058910D05DD3D006BFB54 /* Rambaldini Living Design.app */,
			);
			name = Products;
			sourceTree = "<group>";
		};
		29B97314FDCFA39411CA2CEA /* CustomTemplate */ = {
			isa = PBXGroup;
			children = (
				EB87FDF41871DAF40020F90C /* config.xml */,
				EB87FDF31871DA8E0020F90C /* www */,
				EB87FDF11871DA420020F90C /* Staging */,
				301BF52D109A57CC0062928A /* CordovaLib.xcodeproj */,
				080E96DDFE201D6D7F000001 /* Classes */,
				307C750510C5A3420062BCA9 /* Plugins */,
				29B97315FDCFA39411CA2CEA /* Other Sources */,
				29B97317FDCFA39411CA2CEA /* Resources */,
				29B97323FDCFA39411CA2CEA /* Frameworks */,
				19C28FACFE9D520D11CA2CBB /* Products */,
			);
			name = CustomTemplate;
			sourceTree = "<group>";
		};
		29B97315FDCFA39411CA2CEA /* Other Sources */ = {
			isa = PBXGroup;
			children = (
				32CA4F630368D1EE00C91783 /* Rambaldini Living Design-Prefix.pch */,
				29B97316FDCFA39411CA2CEA /* main.m */,
				ED33DF2A687741AEAF9F8254 /* Bridging-Header.h */,
			);
			name = "Other Sources";
			path = "Rambaldini Living Design";
			sourceTree = "<group>";
		};
		29B97317FDCFA39411CA2CEA /* Resources */ = {
			isa = PBXGroup;
			children = (
				0207DA571B56EA530066E2B4 /* Images.xcassets */,
				3047A50E1AB8057F00498E2A /* config */,
				8D1107310486CEB800E47090 /* Rambaldini Living Design-Info.plist */,
				6AFF5BF81D6E424B00AB3073 /* CDVLaunchScreen.storyboard */,
				00DD35BA6D7742CA93774493 /* CDVNotification.bundle */,
			);
			name = Resources;
			path = "Rambaldini Living Design/Resources";
			sourceTree = "<group>";
		};
		29B97323FDCFA39411CA2CEA /* Frameworks */ = {
			isa = PBXGroup;
			children = (
				A65BA58B2CD14DD8BC67B479 /* libGGLCloudMessaging.a */,
				700F1BD1A7C24923B8D394C2 /* libGGLCore.a */,
				16686DC3EF3B468681263B09 /* libGGLInstanceIDLib.a */,
				11D4175F4DB341D0877D95BE /* libGIP_Reachability.a */,
				BC0741C2A9BA438491A9A7E2 /* libGSDK_Overload.a */,
				EFA9E86B21D84A2FAAE71CA4 /* libGTMSessionFetcher_core.a */,
				23B785E7F1784C89A1589740 /* libGTMSessionFetcher_full.a */,
				CB84A502654A4F25BEC0F5C4 /* libGTMStackTrace.a */,
				BDCF80C1A7A74782845F5FE7 /* libGTM_AddressBook.a */,
				792D22EDB930457DB814FB47 /* libGTM_DebugUtils.a */,
				2FDBAB7985E94D528749DC88 /* libGTM_GTMURLBuilder.a */,
				CC3E2C2F947849B59882F570 /* libGTM_KVO.a */,
				A3D7E921538F4805B091B002 /* libGTM_NSData+zlib.a */,
				0EFF89C7235D42EB8898E136 /* libGTM_NSDictionary+URLArguments.a */,
				349693B89FEA479C9E3ADE1A /* libGTM_NSScannerJSON.a */,
				BF6287F7FBB24878B3492619 /* libGTM_NSStringHTML.a */,
				923B4F4A03344994B254B53B /* libGTM_NSStringXML.a */,
				17AD19145A2C4974A4B85775 /* libGTM_Regex.a */,
				C593CDFCEC58488D9D0A4826 /* libGTM_RoundedRectPath.a */,
				1924BD585EBC4A9191F8D52B /* libGTM_StringEncoding.a */,
				B5A35CA3E3DC4D018A34FCE8 /* libGTM_SystemVersion.a */,
				871D95E5BCF2402087C8830B /* libGTM_UIFont+LineHeight.a */,
				DCD3D7AF00734D9684131775 /* libGTM_core.a */,
				AA092C2876DD4E1AB213609D /* libGTM_iPhone.a */,
				91F07A14808644E29839AAB8 /* libGcmLib.a */,
				A8D84654B12E46EE89B6680A /* libProtocolBuffers.a */,
				CE5E37EC602E4AB48F310BE4 /* AddressBook.framework */,
				8EC1AF88C8E34901B0A29BE2 /* libsqlite3.tbd */,
				87CD5ABD82F048D09E7486E7 /* libz.tbd */,
				ECCD0937CB2E40E8817C6604 /* AudioToolbox.framework */,
				F10B4F2FAA9D4520B2932F01 /* SystemConfiguration.framework */,
				7EB9F8E832084CCEBAB03099 /* CoreTelephony.framework */,
			);
			name = Frameworks;
			sourceTree = "<group>";
		};
		301BF52E109A57CC0062928A /* Products */ = {
			isa = PBXGroup;
			children = (
				301BF535109A57CC0062928A /* libCordova.a */,
			);
			name = Products;
			sourceTree = "<group>";
		};
		3047A50E1AB8057F00498E2A /* config */ = {
			isa = PBXGroup;
			children = (
				3047A50F1AB8059700498E2A /* build-debug.xcconfig */,
				3047A5101AB8059700498E2A /* build-release.xcconfig */,
				3047A5111AB8059700498E2A /* build.xcconfig */,
			);
			name = config;
			sourceTree = "<group>";
		};
		307C750510C5A3420062BCA9 /* Plugins */ = {
			isa = PBXGroup;
			children = (
				AF044F2570154FD7BA728FF4 /* AppDelegate+notification.m */,
				B134B11817EE4E03994CB4C6 /* PushPlugin.m */,
				62D5F2C308B9482E96FAF213 /* AppDelegate+notification.h */,
				BB59EF913AD4424BB22E5559 /* PushPlugin.h */,
				9CAC06336A734207AF461E9F /* GGLInstanceID.h */,
				912259CB56734E3FB51893E7 /* GGLInstanceIDConfig.h */,
				B4FE03846E7F4A5AB0E59630 /* GGLInstanceIDDelegate.h */,
				FC6BA2D8BE0D47729A6B437A /* GGLInstanceIDHeaders.h */,
				38B7D7B28F6E4E0AAAFF6B98 /* CloudMessaging.h */,
				3D2836BEA6D94CEB9EB8F2A9 /* GGLContext+CloudMessaging.h */,
				BCA4A0E5E51E4D66BC9A96B1 /* Core.h */,
				3A546CA8C12846E8AC0ADA93 /* GGLConfiguration.h */,
				55F1951D80D143D1BD7B8762 /* GGLContext.h */,
				E824C95B0DEF450E8ED11B14 /* GGLErrorCode.h */,
				8F797AB6FB7D4F9380F8E58A /* GCMConfig.h */,
				DC412E6608C2485083714D80 /* GCMPubSub.h */,
				C21CC7E47B584345865AEE31 /* GCMReceiverDelegate.h */,
				A4A4CC40FB1D41CDB2FF3158 /* GCMService.h */,
				044407946507492EACF0710C /* GoogleCloudMessaging.h */,
				87BEA25316244110BC5D949E /* CDVDevice.m */,
				710DE63331FE475788C935A1 /* CDVDevice.h */,
				2FF5399D75F049CE9D0C2430 /* CDVNotification.m */,
				C310337DDAC24A9AA6BB6F53 /* CDVNotification.h */,
				242DFBC36BED40DCA569E7DE /* CDVInAppBrowser.m */,
				6868DCB694134B23A43CCF1F /* CDVInAppBrowser.h */,
				E6463A3FC90C48FCA9693FCC /* CDVConnection.m */,
				2CDB0CF5D42042F9B147E757 /* CDVReachability.m */,
				9A8485C8062C4DEB8DAF7828 /* CDVConnection.h */,
				51C43FA7337A421BB2DBB85C /* CDVReachability.h */,
				60B1CBD1FC424350BBA94AE1 /* CDVStatusBar.m */,
				34EC3E0608A34B63A04D35DE /* CDVStatusBar.h */,
			);
			name = Plugins;
			path = "Rambaldini Living Design/Plugins";
			sourceTree = SOURCE_ROOT;
		};
		EB87FDF11871DA420020F90C /* Staging */ = {
			isa = PBXGroup;
			children = (
				F840E1F0165FE0F500CFE078 /* config.xml */,
				301BF56E109A69640062928A /* www */,
			);
			name = Staging;
			sourceTree = "<group>";
		};
/* End PBXGroup section */

/* Begin PBXNativeTarget section */
		1D6058900D05DD3D006BFB54 /* Rambaldini Living Design */ = {
			isa = PBXNativeTarget;
			buildConfigurationList = 1D6058960D05DD3E006BFB54 /* Build configuration list for PBXNativeTarget "Rambaldini Living Design" */;
			buildPhases = (
				304B58A110DAC018002A0835 /* Copy www directory */,
				1D60588D0D05DD3D006BFB54 /* Resources */,
				1D60588E0D05DD3D006BFB54 /* Sources */,
				1D60588F0D05DD3D006BFB54 /* Frameworks */,
			);
			buildRules = (
			);
			dependencies = (
				301BF551109A68C00062928A /* PBXTargetDependency */,
			);
			name = "Rambaldini Living Design";
			productName = "Rambaldini Living Design";
			productReference = 1D6058910D05DD3D006BFB54 /* Rambaldini Living Design.app */;
			productType = "com.apple.product-type.application";
		};
/* End PBXNativeTarget section */

/* Begin PBXProject section */
		29B97313FDCFA39411CA2CEA /* Project object */ = {
			isa = PBXProject;
			attributes = {
				LastUpgradeCheck = 510;
			};
			buildConfigurationList = C01FCF4E08A954540054247B /* Build configuration list for PBXProject "__NON-CLI__" */;
			compatibilityVersion = "Xcode 3.2";
			developmentRegion = English;
			hasScannedForEncodings = 1;
			mainGroup = 29B97314FDCFA39411CA2CEA /* CustomTemplate */;
			projectDirPath = "";
			projectReferences = (
				{
					ProductGroup = 301BF52E109A57CC0062928A /* Products */;
					ProjectRef = 301BF52D109A57CC0062928A /* CordovaLib.xcodeproj */;
				},
			);
			projectRoot = "";
			targets = (
				1D6058900D05DD3D006BFB54 /* Rambaldini Living Design */,
			);
		};
/* End PBXProject section */

/* Begin PBXReferenceProxy section */
		301BF535109A57CC0062928A /* libCordova.a */ = {
			isa = PBXReferenceProxy;
			fileType = archive.ar;
			path = libCordova.a;
			remoteRef = 301BF534109A57CC0062928A /* PBXContainerItemProxy */;
			sourceTree = BUILT_PRODUCTS_DIR;
		};
/* End PBXReferenceProxy section */

/* Begin PBXResourcesBuildPhase section */
		1D60588D0D05DD3D006BFB54 /* Resources */ = {
			isa = PBXResourcesBuildPhase;
			buildActionMask = 2147483647;
			files = (
				302D95F214D2391D003F00A1 /* MainViewController.xib in Resources */,
				0207DA581B56EA530066E2B4 /* Images.xcassets in Resources */,
				6AFF5BF91D6E424B00AB3073 /* CDVLaunchScreen.storyboard in Resources */,
				38D8933125D247F6BCBC78F6 /* CDVNotification.bundle in Resources */,
			);
			runOnlyForDeploymentPostprocessing = 0;
		};
/* End PBXResourcesBuildPhase section */

/* Begin PBXShellScriptBuildPhase section */
		304B58A110DAC018002A0835 /* Copy www directory */ = {
			isa = PBXShellScriptBuildPhase;
			buildActionMask = 2147483647;
			files = (
			);
			inputPaths = (
			);
			name = "Copy www directory";
			outputPaths = (
			);
			runOnlyForDeploymentPostprocessing = 0;
			shellPath = /bin/sh;
			shellScript = "NODEJS_PATH=/usr/local/bin; NVM_NODE_PATH=~/.nvm/versions/node/`nvm version 2>/dev/null`/bin; N_NODE_PATH=`find /usr/local/n/versions/node/* -maxdepth 0 -type d 2>/dev/null | tail -1`/bin; XCODE_NODE_PATH=`xcode-select --print-path`/usr/share/xcs/Node/bin; PATH=$NODEJS_PATH:$NVM_NODE_PATH:$N_NODE_PATH:$XCODE_NODE_PATH:$PATH && node cordova/lib/copy-www-build-step.js";
			showEnvVarsInLog = 0;
		};
/* End PBXShellScriptBuildPhase section */

/* Begin PBXSourcesBuildPhase section */
		1D60588E0D05DD3D006BFB54 /* Sources */ = {
			isa = PBXSourcesBuildPhase;
			buildActionMask = 2147483647;
			files = (
				1D60589B0D05DD56006BFB54 /* main.m in Sources */,
				1D3623260D0F684500981E51 /* AppDelegate.m in Sources */,
				302D95F114D2391D003F00A1 /* MainViewController.m in Sources */,
				C33F494542354064ABBCAE0E /* AppDelegate+notification.m in Sources */,
				E4C6DC63B8AE49F7AA62862A /* PushPlugin.m in Sources */,
				06239D96DF2E414AA63D9E62 /* CDVDevice.m in Sources */,
				AC1B9A3F0B5849F68BF9083E /* CDVNotification.m in Sources */,
				7910A564BCAF416393A6BEC8 /* CDVInAppBrowser.m in Sources */,
				561F32C9B21D45478004A344 /* CDVConnection.m in Sources */,
				B4D02175F6704BE2BBB0C8AA /* CDVReachability.m in Sources */,
				05ADBBD4023347A980B97CC1 /* CDVStatusBar.m in Sources */,
			);
			runOnlyForDeploymentPostprocessing = 0;
		};
/* End PBXSourcesBuildPhase section */

/* Begin PBXTargetDependency section */
		301BF551109A68C00062928A /* PBXTargetDependency */ = {
			isa = PBXTargetDependency;
			name = CordovaLib;
			targetProxy = 301BF550109A68C00062928A /* PBXContainerItemProxy */;
		};
/* End PBXTargetDependency section */

/* Begin XCBuildConfiguration section */
		1D6058940D05DD3E006BFB54 /* Debug */ = {
			isa = XCBuildConfiguration;
			baseConfigurationReference = 3047A50F1AB8059700498E2A /* build-debug.xcconfig */;
			buildSettings = {
				ALWAYS_SEARCH_USER_PATHS = NO;
				ASSETCATALOG_COMPILER_APPICON_NAME = AppIcon;
				ASSETCATALOG_COMPILER_LAUNCHIMAGE_NAME = LaunchImage;
				CLANG_ENABLE_MODULES = YES;
				CLANG_ENABLE_OBJC_ARC = YES;
				COPY_PHASE_STRIP = NO;
				GCC_DYNAMIC_NO_PIC = NO;
				GCC_OPTIMIZATION_LEVEL = 0;
				GCC_PRECOMPILE_PREFIX_HEADER = YES;
				GCC_PREFIX_HEADER = "Rambaldini Living Design/Rambaldini Living Design-Prefix.pch";
				GCC_THUMB_SUPPORT = NO;
				GCC_VERSION = "";
				INFOPLIST_FILE = "Rambaldini Living Design/Rambaldini Living Design-Info.plist";
				IPHONEOS_DEPLOYMENT_TARGET = 8.0;
				LD_RUNPATH_SEARCH_PATHS = "@executable_path/Frameworks";
				TARGETED_DEVICE_FAMILY = "1,2";
				PRODUCT_NAME = "Rambaldini Living Design";
				LIBRARY_SEARCH_PATHS = (
					"$(inherited)",
					"\"$(SRCROOT)/Rambaldini Living Design/Plugins/phonegap-plugin-push/GCM/Libraries\"",
					"\"$(SRCROOT)/Rambaldini Living Design/Plugins/phonegap-plugin-push/GCM/Libraries\"",
					"\"$(SRCROOT)/Rambaldini Living Design/Plugins/phonegap-plugin-push/GCM/Libraries\"",
					"\"$(SRCROOT)/Rambaldini Living Design/Plugins/phonegap-plugin-push/GCM/Libraries\"",
					"\"$(SRCROOT)/Rambaldini Living Design/Plugins/phonegap-plugin-push/GCM/Libraries\"",
					"\"$(SRCROOT)/Rambaldini Living Design/Plugins/phonegap-plugin-push/GCM/Libraries\"",
					"\"$(SRCROOT)/Rambaldini Living Design/Plugins/phonegap-plugin-push/GCM/Libraries\"",
					"\"$(SRCROOT)/Rambaldini Living Design/Plugins/phonegap-plugin-push/GCM/Libraries\"",
					"\"$(SRCROOT)/Rambaldini Living Design/Plugins/phonegap-plugin-push/GCM/Libraries\"",
					"\"$(SRCROOT)/Rambaldini Living Design/Plugins/phonegap-plugin-push/GCM/Libraries\"",
					"\"$(SRCROOT)/Rambaldini Living Design/Plugins/phonegap-plugin-push/GCM/Libraries\"",
					"\"$(SRCROOT)/Rambaldini Living Design/Plugins/phonegap-plugin-push/GCM/Libraries\"",
					"\"$(SRCROOT)/Rambaldini Living Design/Plugins/phonegap-plugin-push/GCM/Libraries\"",
					"\"$(SRCROOT)/Rambaldini Living Design/Plugins/phonegap-plugin-push/GCM/Libraries\"",
					"\"$(SRCROOT)/Rambaldini Living Design/Plugins/phonegap-plugin-push/GCM/Libraries\"",
					"\"$(SRCROOT)/Rambaldini Living Design/Plugins/phonegap-plugin-push/GCM/Libraries\"",
					"\"$(SRCROOT)/Rambaldini Living Design/Plugins/phonegap-plugin-push/GCM/Libraries\"",
					"\"$(SRCROOT)/Rambaldini Living Design/Plugins/phonegap-plugin-push/GCM/Libraries\"",
					"\"$(SRCROOT)/Rambaldini Living Design/Plugins/phonegap-plugin-push/GCM/Libraries\"",
					"\"$(SRCROOT)/Rambaldini Living Design/Plugins/phonegap-plugin-push/GCM/Libraries\"",
					"\"$(SRCROOT)/Rambaldini Living Design/Plugins/phonegap-plugin-push/GCM/Libraries\"",
					"\"$(SRCROOT)/Rambaldini Living Design/Plugins/phonegap-plugin-push/GCM/Libraries\"",
					"\"$(SRCROOT)/Rambaldini Living Design/Plugins/phonegap-plugin-push/GCM/Libraries\"",
					"\"$(SRCROOT)/Rambaldini Living Design/Plugins/phonegap-plugin-push/GCM/Libraries\"",
					"\"$(SRCROOT)/Rambaldini Living Design/Plugins/phonegap-plugin-push/GCM/Libraries\"",
					"\"$(SRCROOT)/Rambaldini Living Design/Plugins/phonegap-plugin-push/GCM/Libraries\"",
				);
			};
			name = Debug;
		};
		1D6058950D05DD3E006BFB54 /* Release */ = {
			isa = XCBuildConfiguration;
			baseConfigurationReference = 3047A5101AB8059700498E2A /* build-release.xcconfig */;
			buildSettings = {
				ALWAYS_SEARCH_USER_PATHS = NO;
				ASSETCATALOG_COMPILER_APPICON_NAME = AppIcon;
				ASSETCATALOG_COMPILER_LAUNCHIMAGE_NAME = LaunchImage;
				CLANG_ENABLE_MODULES = YES;
				CLANG_ENABLE_OBJC_ARC = YES;
				COPY_PHASE_STRIP = YES;
				GCC_PRECOMPILE_PREFIX_HEADER = YES;
				GCC_PREFIX_HEADER = "Rambaldini Living Design/Rambaldini Living Design-Prefix.pch";
				GCC_THUMB_SUPPORT = NO;
				GCC_VERSION = "";
				INFOPLIST_FILE = "Rambaldini Living Design/Rambaldini Living Design-Info.plist";
				IPHONEOS_DEPLOYMENT_TARGET = 8.0;
				LD_RUNPATH_SEARCH_PATHS = "@executable_path/Frameworks";
				TARGETED_DEVICE_FAMILY = "1,2";
				PRODUCT_NAME = "Rambaldini Living Design";
				LIBRARY_SEARCH_PATHS = (
					"$(inherited)",
					"\"$(SRCROOT)/Rambaldini Living Design/Plugins/phonegap-plugin-push/GCM/Libraries\"",
					"\"$(SRCROOT)/Rambaldini Living Design/Plugins/phonegap-plugin-push/GCM/Libraries\"",
					"\"$(SRCROOT)/Rambaldini Living Design/Plugins/phonegap-plugin-push/GCM/Libraries\"",
					"\"$(SRCROOT)/Rambaldini Living Design/Plugins/phonegap-plugin-push/GCM/Libraries\"",
					"\"$(SRCROOT)/Rambaldini Living Design/Plugins/phonegap-plugin-push/GCM/Libraries\"",
					"\"$(SRCROOT)/Rambaldini Living Design/Plugins/phonegap-plugin-push/GCM/Libraries\"",
					"\"$(SRCROOT)/Rambaldini Living Design/Plugins/phonegap-plugin-push/GCM/Libraries\"",
					"\"$(SRCROOT)/Rambaldini Living Design/Plugins/phonegap-plugin-push/GCM/Libraries\"",
					"\"$(SRCROOT)/Rambaldini Living Design/Plugins/phonegap-plugin-push/GCM/Libraries\"",
					"\"$(SRCROOT)/Rambaldini Living Design/Plugins/phonegap-plugin-push/GCM/Libraries\"",
					"\"$(SRCROOT)/Rambaldini Living Design/Plugins/phonegap-plugin-push/GCM/Libraries\"",
					"\"$(SRCROOT)/Rambaldini Living Design/Plugins/phonegap-plugin-push/GCM/Libraries\"",
					"\"$(SRCROOT)/Rambaldini Living Design/Plugins/phonegap-plugin-push/GCM/Libraries\"",
					"\"$(SRCROOT)/Rambaldini Living Design/Plugins/phonegap-plugin-push/GCM/Libraries\"",
					"\"$(SRCROOT)/Rambaldini Living Design/Plugins/phonegap-plugin-push/GCM/Libraries\"",
					"\"$(SRCROOT)/Rambaldini Living Design/Plugins/phonegap-plugin-push/GCM/Libraries\"",
					"\"$(SRCROOT)/Rambaldini Living Design/Plugins/phonegap-plugin-push/GCM/Libraries\"",
					"\"$(SRCROOT)/Rambaldini Living Design/Plugins/phonegap-plugin-push/GCM/Libraries\"",
					"\"$(SRCROOT)/Rambaldini Living Design/Plugins/phonegap-plugin-push/GCM/Libraries\"",
					"\"$(SRCROOT)/Rambaldini Living Design/Plugins/phonegap-plugin-push/GCM/Libraries\"",
					"\"$(SRCROOT)/Rambaldini Living Design/Plugins/phonegap-plugin-push/GCM/Libraries\"",
					"\"$(SRCROOT)/Rambaldini Living Design/Plugins/phonegap-plugin-push/GCM/Libraries\"",
					"\"$(SRCROOT)/Rambaldini Living Design/Plugins/phonegap-plugin-push/GCM/Libraries\"",
					"\"$(SRCROOT)/Rambaldini Living Design/Plugins/phonegap-plugin-push/GCM/Libraries\"",
					"\"$(SRCROOT)/Rambaldini Living Design/Plugins/phonegap-plugin-push/GCM/Libraries\"",
					"\"$(SRCROOT)/Rambaldini Living Design/Plugins/phonegap-plugin-push/GCM/Libraries\"",
				);
			};
			name = Release;
		};
		C01FCF4F08A954540054247B /* Debug */ = {
			isa = XCBuildConfiguration;
			baseConfigurationReference = 3047A5111AB8059700498E2A /* build.xcconfig */;
			buildSettings = {
				CLANG_ENABLE_MODULES = YES;
				CLANG_ENABLE_OBJC_ARC = YES;
				CLANG_WARN_BOOL_CONVERSION = YES;
				CLANG_WARN_CONSTANT_CONVERSION = YES;
				CLANG_WARN_EMPTY_BODY = YES;
				CLANG_WARN_ENUM_CONVERSION = YES;
				CLANG_WARN_INT_CONVERSION = YES;
				CLANG_WARN__DUPLICATE_METHOD_MATCH = YES;
				GCC_C_LANGUAGE_STANDARD = c99;
				GCC_THUMB_SUPPORT = NO;
				GCC_VERSION = "";
				GCC_WARN_ABOUT_RETURN_TYPE = YES;
				GCC_WARN_UNDECLARED_SELECTOR = YES;
				GCC_WARN_UNINITIALIZED_AUTOS = YES;
				GCC_WARN_UNUSED_FUNCTION = YES;
				GCC_WARN_UNUSED_VARIABLE = YES;
				ONLY_ACTIVE_ARCH = YES;
				SDKROOT = iphoneos;
				SKIP_INSTALL = NO;
				TARGETED_DEVICE_FAMILY = "1,2";
				ASSETCATALOG_COMPILER_LAUNCHIMAGE_NAME = LaunchImage;
			};
			name = Debug;
		};
		C01FCF5008A954540054247B /* Release */ = {
			isa = XCBuildConfiguration;
			baseConfigurationReference = 3047A5111AB8059700498E2A /* build.xcconfig */;
			buildSettings = {
				CLANG_ENABLE_MODULES = YES;
				CLANG_ENABLE_OBJC_ARC = YES;
				CLANG_WARN_BOOL_CONVERSION = YES;
				CLANG_WARN_CONSTANT_CONVERSION = YES;
				CLANG_WARN_EMPTY_BODY = YES;
				CLANG_WARN_ENUM_CONVERSION = YES;
				CLANG_WARN_INT_CONVERSION = YES;
				CLANG_WARN__DUPLICATE_METHOD_MATCH = YES;
				GCC_C_LANGUAGE_STANDARD = c99;
				GCC_THUMB_SUPPORT = NO;
				GCC_VERSION = "";
				GCC_WARN_ABOUT_RETURN_TYPE = YES;
				GCC_WARN_UNDECLARED_SELECTOR = YES;
				GCC_WARN_UNINITIALIZED_AUTOS = YES;
				GCC_WARN_UNUSED_FUNCTION = YES;
				GCC_WARN_UNUSED_VARIABLE = YES;
				SDKROOT = iphoneos;
				SKIP_INSTALL = NO;
				TARGETED_DEVICE_FAMILY = "1,2";
				ASSETCATALOG_COMPILER_LAUNCHIMAGE_NAME = LaunchImage;
			};
			name = Release;
		};
/* End XCBuildConfiguration section */

/* Begin XCConfigurationList section */
		1D6058960D05DD3E006BFB54 /* Build configuration list for PBXNativeTarget "Rambaldini Living Design" */ = {
			isa = XCConfigurationList;
			buildConfigurations = (
				1D6058940D05DD3E006BFB54 /* Debug */,
				1D6058950D05DD3E006BFB54 /* Release */,
			);
			defaultConfigurationIsVisible = 0;
			defaultConfigurationName = Release;
		};
		C01FCF4E08A954540054247B /* Build configuration list for PBXProject "__NON-CLI__" */ = {
			isa = XCConfigurationList;
			buildConfigurations = (
				C01FCF4F08A954540054247B /* Debug */,
				C01FCF5008A954540054247B /* Release */,
			);
			defaultConfigurationIsVisible = 0;
			defaultConfigurationName = Release;
		};
/* End XCConfigurationList section */
	};
	rootObject = 29B97313FDCFA39411CA2CEA /* Project object */;
}
